<!-- <auto-generated /> DO NOT EDIT. Source: eng/products.json -->
<Solution>
  <Folder Name="/platform/">
    <Project Path="src/Aspose.Cli.Host/Aspose.Cli.Host.csproj" />
    <Project Path="src/Aspose.Cli.Sdk/Aspose.Cli.Sdk.csproj" />
    <Project Path="src/Aspose.Cli.Sdk.Analyzers/Aspose.Cli.Sdk.Analyzers.csproj" />
    <Project Path="src/Aspose.Cli/Aspose.Cli.csproj" />
  </Folder>
  <Folder Name="/products/">
    <Project Path="src/Aspose.Cli.Product.Cells/Aspose.Cli.Product.Cells.csproj" />
    <Project Path="src/Aspose.Cli.Product.Pdf/Aspose.Cli.Product.Pdf.csproj" />
    <Project Path="src/Aspose.Cli.Product.Slides/Aspose.Cli.Product.Slides.csproj" />
    <Project Path="src/Aspose.Cli.Product.Words/Aspose.Cli.Product.Words.csproj" />
  </Folder>
  <Folder Name="/tests/">
    <Project Path="tests/Aspose.Cli.Installer.Tests/Aspose.Cli.Installer.Tests.csproj" />
    <Project Path="tests/Aspose.Cli.Invariants.Tests/Aspose.Cli.Invariants.Tests.csproj" />
    <Project Path="tests/Aspose.Cli.Platform.Tests/Aspose.Cli.Platform.Tests.csproj" />
    <Project Path="tests/Aspose.Cli.Product.Cells.Tests/Aspose.Cli.Product.Cells.Tests.csproj" />
    <Project Path="tests/Aspose.Cli.Product.Pdf.Tests/Aspose.Cli.Product.Pdf.Tests.csproj" />
    <Project Path="tests/Aspose.Cli.Product.Slides.Tests/Aspose.Cli.Product.Slides.Tests.csproj" />
    <Project Path="tests/Aspose.Cli.Product.Words.Tests/Aspose.Cli.Product.Words.Tests.csproj" />
    <Project Path="tests/Aspose.Cli.TestKit/Aspose.Cli.TestKit.csproj" />
    <Project Path="tests/Aspose.Cli.Tests/Aspose.Cli.Tests.csproj" />
  </Folder>
</Solution>
