{
  "version": 2,
  "dependencies": {
    "net10.0": {
      "Aspose.PDF.Drawing": {
        "type": "Direct",
        "requested": "[26.5.0, )",
        "resolved": "26.5.0",
        "contentHash": "jciE6u8eSkj3GLsOimW6kYj1b5oTjpWxzIVTOg+P5e30vsp/ccnBdIWoHd8g0S35QKrng/lasZAK3M1PdB+nRQ==",
        "dependencies": {
          "Microsoft.Extensions.AI.Abstractions": "10.4.1",
          "Microsoft.Extensions.DataIngestion": "10.4.0-preview.1.26160.2",
          "Microsoft.Extensions.DataIngestion.Abstractions": "10.4.0-preview.1.26160.2",
          "Microsoft.Extensions.DataIngestion.Markdig": "10.4.0-preview.1.26160.2",
          "Microsoft.Extensions.DependencyModel": "9.0.0",
          "Microsoft.Extensions.Logging.Abstractions": "10.0.4",
          "Microsoft.Extensions.VectorData.Abstractions": "10.1.0",
          "Microsoft.ML.Tokenizers.Data.Cl100kBase": "2.0.0",
          "Newtonsoft.Json": "13.0.3",
          "System.Diagnostics.PerformanceCounter": "4.5.0",
          "System.Drawing.Common": "6.0.0",
          "System.Security.Cryptography.Pkcs": "7.0.3",
          "System.Security.Permissions": "4.5.0"
        }
      },
      "Microsoft.NET.Test.Sdk": {
        "type": "Direct",
        "requested": "[17.14.1, )",
        "resolved": "17.14.1",
        "contentHash": "HJKqKOE+vshXra2aEHpi2TlxYX7Z9VFYkr+E5rwEvHC8eIXiyO+K9kNm8vmNom3e2rA56WqxU+/N9NJlLGXsJQ==",
        "dependencies": {
          "Microsoft.CodeCoverage": "17.14.1",
          "Microsoft.TestPlatform.TestHost": "17.14.1"
        }
      },
      "xunit": {
        "type": "Direct",
        "requested": "[2.9.3, )",
        "resolved": "2.9.3",
        "contentHash": "TlXQBinK35LpOPKHAqbLY4xlEen9TBafjs0V5KnA4wZsoQLQJiirCR4CbIXvOH8NzkW4YeJKP5P/Bnrodm0h9Q==",
        "dependencies": {
          "xunit.analyzers": "1.18.0",
          "xunit.assert": "2.9.3",
          "xunit.core": "[2.9.3]"
        }
      },
      "xunit.runner.visualstudio": {
        "type": "Direct",
        "requested": "[2.8.2, )",
        "resolved": "2.8.2",
        "contentHash": "vm1tbfXhFmjFMUmS4M0J0ASXz3/U5XvXBa6DOQUL3fEz4Vt6YPhv+ESCarx6M6D+9kJkJYZKCNvJMas1+nVfmQ=="
      },
      "Google.Protobuf": {
        "type": "Transitive",
        "resolved": "3.30.2",
        "contentHash": "Y2aOVLIt75yeeEWigg9V9YnjsEm53sADtLGq0gLhwaXpk3iu8tYSoauolyhenagA2sWno2TQ2WujI0HQd6s1Vw=="
      },
      "Humanizer.Core": {
        "type": "Transitive",
        "resolved": "3.0.10",
        "contentHash": "yZIhtw8sYuvsONzQbZxWpR60tMWYHXoo0DL6nyOqSFiU5POjBTSEyWFpTQtJEZuy+oqiYTXKXY/Mjx7KnqIQFw=="
      },
      "Json.More.Net": {
        "type": "Transitive",
        "resolved": "3.0.1",
        "contentHash": "fRctF2J2SILYG6wqP21drmeEODmCVkVQ/b3MndDu2fT1swfySyUgq7ePCk+aENGlDcIm05fyfjh9vcuqDEfv3w=="
      },
      "JsonPointer.Net": {
        "type": "Transitive",
        "resolved": "7.0.1",
        "contentHash": "5C497yxfktYFsqxKG+GUQPsMvBqIjzLkqtDEdMGsnBpl3/OB8DOvTo7LEyRX7AVc1kVVj0IX5zhmLrlbvAYEnw==",
        "dependencies": {
          "Humanizer.Core": "3.0.10",
          "Json.More.Net": "3.0.1"
        }
      },
      "Markdig.Signed": {
        "type": "Transitive",
        "resolved": "0.43.0",
        "contentHash": "Ly5oB+iS5rA2GqLuv7KZNJWQnHXLb5oi7cmIpGrrCrsvU9oplSKO/Xo65tLUiC+bcMjhQ7ZHn97h6vcvF24FbQ=="
      },
      "Microsoft.Bcl.AsyncInterfaces": {
        "type": "Transitive",
        "resolved": "9.0.4",
        "contentHash": "9VGI5kxIvrNG2mqLQZnUR6y/3fcnygD8eNpHR+CqfbnIXvea6nehnYknDKQTxZVPMpzpNca+7DxLBmpdB3q0Bw=="
      },
      "Microsoft.Bcl.HashCode": {
        "type": "Transitive",
        "resolved": "6.0.0",
        "contentHash": "GI4jcoi6eC9ZhNOQylIBaWOQjyGaR8T6N3tC1u8p3EXfndLCVNNWa+Zp+ocjvvS3kNBN09Zma2HXL0ezO0dRfw=="
      },
      "Microsoft.CodeCoverage": {
        "type": "Transitive",
        "resolved": "17.14.1",
        "contentHash": "pmTrhfFIoplzFVbhVwUquT+77CbGH+h4/3mBpdmIlYtBi9nAB+kKI6dN3A/nV4DFi3wLLx/BlHIPK+MkbQ6Tpg=="
      },
      "Microsoft.Extensions.AI": {
        "type": "Transitive",
        "resolved": "10.4.0",
        "contentHash": "7kKIuaUMFWikveZUjSrs53XfMVV7IDGSDaGp6/y/hV0HXsA7N2oIODZWxtEkEj8Q4cd/Oc/VlsVlg8efof7gFA==",
        "dependencies": {
          "Microsoft.Extensions.AI.Abstractions": "10.4.0",
          "Microsoft.Extensions.Caching.Abstractions": "10.0.4",
          "Microsoft.Extensions.DependencyInjection.Abstractions": "10.0.4",
          "Microsoft.Extensions.Logging.Abstractions": "10.0.4",
          "System.Numerics.Tensors": "10.0.4"
        }
      },
      "Microsoft.Extensions.AI.Abstractions": {
        "type": "Transitive",
        "resolved": "10.4.1",
        "contentHash": "ZxhU/wg9BOc3ohibhLl18toPLWm96ysQoE+3OhCgrZ0TUPZd7bsUmGteeatz08yweyuPIEhtyUzEZTF+3bMWEQ=="
      },
      "Microsoft.Extensions.Caching.Abstractions": {
        "type": "Transitive",
        "resolved": "10.0.4",
        "contentHash": "uDRooaV6N3WZ0kdlNPMB68/MdGn/in1Fs7Db7DnIm85RBTPy4P321WO+daAImiYpH5dekjNggDqy1N44WaIlMA==",
        "dependencies": {
          "Microsoft.Extensions.Primitives": "10.0.4"
        }
      },
      "Microsoft.Extensions.DataIngestion": {
        "type": "Transitive",
        "resolved": "10.4.0-preview.1.26160.2",
        "contentHash": "yoWY8KYpunJg03HGpAowBNehtAVKVCG0/W4060qNkdSOafNNmRsvo0XZsUCLTpuNBKHYkL2LMx4J47HpuO4poA==",
        "dependencies": {
          "Microsoft.Extensions.AI": "10.4.0",
          "Microsoft.Extensions.DataIngestion.Abstractions": "10.4.0-preview.1.26160.2",
          "Microsoft.Extensions.Logging.Abstractions": "10.0.4",
          "Microsoft.Extensions.VectorData.Abstractions": "9.7.0",
          "Microsoft.ML.Tokenizers": "1.0.1",
          "System.Numerics.Tensors": "10.0.4"
        }
      },
      "Microsoft.Extensions.DataIngestion.Abstractions": {
        "type": "Transitive",
        "resolved": "10.4.0-preview.1.26160.2",
        "contentHash": "FO52PpbZw8dFtKC1AxmQMC/EtuYk+edRtK1WLXlxS0t2oIXytnEdA3O41CkDPx2FuHPZVACgb8uDViJMbwZNWg=="
      },
      "Microsoft.Extensions.DataIngestion.Markdig": {
        "type": "Transitive",
        "resolved": "10.4.0-preview.1.26160.2",
        "contentHash": "Vo7eR61ugps9s6ba2uHizF+hLqctURSy62GI/+Iel9omVtvMKsOr80tbKUAY98Xi+77nUf/gap8HNUzT4ZWb5g==",
        "dependencies": {
          "Markdig.Signed": "0.43.0",
          "Microsoft.Extensions.DataIngestion.Abstractions": "10.4.0-preview.1.26160.2"
        }
      },
      "Microsoft.Extensions.DependencyInjection.Abstractions": {
        "type": "Transitive",
        "resolved": "10.0.4",
        "contentHash": "SIe9zlVQJecnk/DTmevIcl6+aEDYhoVLc2eG2AKwVeNEC8CSyxHAbh4lf0xtHq9JUum0vVTEByGNTK+b6oihTQ=="
      },
      "Microsoft.Extensions.DependencyModel": {
        "type": "Transitive",
        "resolved": "9.0.0",
        "contentHash": "saxr2XzwgDU77LaQfYFXmddEDRUKHF4DaGMZkNB3qjdVSZlax3//dGJagJkKrGMIPNZs2jVFXITyCCR6UHJNdA=="
      },
      "Microsoft.Extensions.Logging.Abstractions": {
        "type": "Transitive",
        "resolved": "10.0.4",
        "contentHash": "PDMMt7fvBatv6hcxxyJtXIzSwn7Dy00W6I2vDAOTYrQqNM2dF5A2L9n0uMzdPz2IPoNZWkAmYjoOCEdDLq0i4w==",
        "dependencies": {
          "Microsoft.Extensions.DependencyInjection.Abstractions": "10.0.4"
        }
      },
      "Microsoft.Extensions.Primitives": {
        "type": "Transitive",
        "resolved": "10.0.4",
        "contentHash": "lABYqiRH9HgYJsjzO3W7+cucUwWXhEkiyrRylANdIubnzcESlkIsLowXpQ4E+sc7kjMLbk1hk5oxw4qTKowTEg=="
      },
      "Microsoft.Extensions.VectorData.Abstractions": {
        "type": "Transitive",
        "resolved": "10.1.0",
        "contentHash": "I2XfmqEOWOq0Esbo0eWQ6WE5MAJkGyIs057F8ncmPCLJFw9b1IB7Jj5WiFlH6C5YXCAG9Z91QMBD/SkcMLhE7w==",
        "dependencies": {
          "Microsoft.Extensions.AI.Abstractions": "10.4.0"
        }
      },
      "Microsoft.ML.Tokenizers": {
        "type": "Transitive",
        "resolved": "2.0.0",
        "contentHash": "+b8lT4cLLO/sBR2hjvE/qG6qrZG15h7/PBvnIrzTh4xDaAxdHUY6449rC+1pHzQUsBiCHZVbj+VMn+xS0sL7TA==",
        "dependencies": {
          "Google.Protobuf": "3.30.2"
        }
      },
      "Microsoft.ML.Tokenizers.Data.Cl100kBase": {
        "type": "Transitive",
        "resolved": "2.0.0",
        "contentHash": "APL8S3FFDesfAMBACeVhRjFLMEEavCVgExPvmM1JkC4u+iiQOiqmOS47bN0n4iKM8k/yYhxd3bBVB3uKo6CCGg==",
        "dependencies": {
          "Google.Protobuf": "3.30.2",
          "Microsoft.Bcl.AsyncInterfaces": "9.0.4",
          "Microsoft.Bcl.HashCode": "6.0.0",
          "Microsoft.Bcl.Memory": "9.0.4",
          "Microsoft.ML.Tokenizers": "2.0.0"
        }
      },
      "Microsoft.NETCore.Platforms": {
        "type": "Transitive",
        "resolved": "2.0.0",
        "contentHash": "VdLJOCXhZaEMY7Hm2GKiULmn7IEPFE4XC5LPSfBVCUIA8YLZVh846gtfBJalsPQF2PlzdD7ecX7DZEulJ402ZQ=="
      },
      "Microsoft.TestPlatform.ObjectModel": {
        "type": "Transitive",
        "resolved": "17.14.1",
        "contentHash": "xTP1W6Mi6SWmuxd3a+jj9G9UoC850WGwZUps1Wah9r1ZxgXhdJfj1QqDLJkFjHDCvN42qDL2Ps5KjQYWUU0zcQ=="
      },
      "Microsoft.TestPlatform.TestHost": {
        "type": "Transitive",
        "resolved": "17.14.1",
        "contentHash": "d78LPzGKkJwsJXAQwsbJJ7LE7D1wB+rAyhHHAaODF+RDSQ0NgMjDFkSA1Djw18VrxO76GlKAjRUhl+H8NL8Z+Q==",
        "dependencies": {
          "Microsoft.TestPlatform.ObjectModel": "17.14.1",
          "Newtonsoft.Json": "13.0.3"
        }
      },
      "Microsoft.Win32.SystemEvents": {
        "type": "Transitive",
        "resolved": "6.0.0",
        "contentHash": "hqTM5628jSsQiv+HGpiq3WKBl2c8v1KZfby2J6Pr7pEPlK9waPdgEO6b8A/+/xn/yZ9ulv8HuqK71ONy2tg67A=="
      },
      "Newtonsoft.Json": {
        "type": "Transitive",
        "resolved": "13.0.3",
        "contentHash": "HrC5BXdl00IP9zeV+0Z848QWPAoCr9P3bDEZguI+gkLcBKAOxix/tLEAAHC+UvDNPv4a2d18lOReHMOagPa+zQ=="
      },
      "System.Configuration.ConfigurationManager": {
        "type": "Transitive",
        "resolved": "4.5.0",
        "contentHash": "UIFvaFfuKhLr9u5tWMxmVoDPkFeD+Qv8gUuap4aZgVGYSYMdERck4OhLN/2gulAc0nYTEigWXSJNNWshrmxnng==",
        "dependencies": {
          "System.Security.Cryptography.ProtectedData": "4.5.0",
          "System.Security.Permissions": "4.5.0"
        }
      },
      "System.Diagnostics.PerformanceCounter": {
        "type": "Transitive",
        "resolved": "4.5.0",
        "contentHash": "JUO5/moXgchWZBMBElgmPebZPKCgwW8kY3dFwVJavaNR2ftcc/YjXXGjOaCjly2KBXT7Ld5l/GTkMVzNv41yZA==",
        "dependencies": {
          "Microsoft.NETCore.Platforms": "2.0.0",
          "System.Configuration.ConfigurationManager": "4.5.0"
        }
      },
      "System.Drawing.Common": {
        "type": "Transitive",
        "resolved": "6.0.0",
        "contentHash": "NfuoKUiP2nUWwKZN6twGqXioIe1zVD0RIj2t976A+czLHr2nY454RwwXs6JU9Htc6mwqL6Dn/nEL3dpVf2jOhg==",
        "dependencies": {
          "Microsoft.Win32.SystemEvents": "6.0.0"
        }
      },
      "System.Numerics.Tensors": {
        "type": "Transitive",
        "resolved": "10.0.4",
        "contentHash": "EK8wJVxnVfeCzchnEqVjIfZDpVIcmjfjUs9x1nzI41X2naPGT57QjoHlQJma2vDQUxEtPQiGv/v90mwcflx6mQ=="
      },
      "System.Security.Cryptography.Pkcs": {
        "type": "Transitive",
        "resolved": "7.0.3",
        "contentHash": "yhwEHH5Gzl/VoADrXtt5XC95OFoSjNSWLHNutE7GwdOgefZVRvEXRSooSpL8HHm3qmdd9epqzsWg28UJemt22w=="
      },
      "System.Security.Cryptography.ProtectedData": {
        "type": "Transitive",
        "resolved": "4.5.0",
        "contentHash": "wLBKzFnDCxP12VL9ANydSYhk59fC4cvOr9ypYQLPnAj48NQIhqnjdD2yhP8yEKyBJEjERWS9DisKL7rX5eU25Q=="
      },
      "System.Security.Permissions": {
        "type": "Transitive",
        "resolved": "4.5.0",
        "contentHash": "9gdyuARhUR7H+p5CjyUB/zPk7/Xut3wUSP8NJQB6iZr8L3XUXTMdoLeVAg9N4rqF8oIpE7MpdqHdDHQ7XgJe0g=="
      },
      "xunit.abstractions": {
        "type": "Transitive",
        "resolved": "2.0.3",
        "contentHash": "pot1I4YOxlWjIb5jmwvvQNbTrZ3lJQ+jUGkGjWE3hEFM0l5gOnBWS+H3qsex68s5cO52g+44vpGzhAt+42vwKg=="
      },
      "xunit.analyzers": {
        "type": "Transitive",
        "resolved": "1.18.0",
        "contentHash": "OtFMHN8yqIcYP9wcVIgJrq01AfTxijjAqVDy/WeQVSyrDC1RzBWeQPztL49DN2syXRah8TYnfvk035s7L95EZQ=="
      },
      "xunit.assert": {
        "type": "Transitive",
        "resolved": "2.9.3",
        "contentHash": "/Kq28fCE7MjOV42YLVRAJzRF0WmEqsmflm0cfpMjGtzQ2lR5mYVj1/i0Y8uDAOLczkL3/jArrwehfMD0YogMAA=="
      },
      "xunit.core": {
        "type": "Transitive",
        "resolved": "2.9.3",
        "contentHash": "BiAEvqGvyme19wE0wTKdADH+NloYqikiU0mcnmiNyXaF9HyHmE6sr/3DC5vnBkgsWaE6yPyWszKSPSApWdRVeQ==",
        "dependencies": {
          "xunit.extensibility.core": "[2.9.3]",
          "xunit.extensibility.execution": "[2.9.3]"
        }
      },
      "xunit.extensibility.core": {
        "type": "Transitive",
        "resolved": "2.9.3",
        "contentHash": "kf3si0YTn2a8J8eZNb+zFpwfoyvIrQ7ivNk5ZYA5yuYk1bEtMe4DxJ2CF/qsRgmEnDr7MnW1mxylBaHTZ4qErA==",
        "dependencies": {
          "xunit.abstractions": "2.0.3"
        }
      },
      "xunit.extensibility.execution": {
        "type": "Transitive",
        "resolved": "2.9.3",
        "contentHash": "yMb6vMESlSrE3Wfj7V6cjQ3S4TXdXpRqYeNEI3zsX31uTsGMJjEw6oD5F5u1cHnMptjhEECnmZSsPxB6ChZHDQ==",
        "dependencies": {
          "xunit.extensibility.core": "[2.9.3]"
        }
      },
      "aspose.cli.product.pdf": {
        "type": "Project",
        "dependencies": {
          "Aspose.Cli.Sdk": "[1.0.0, )",
          "Aspose.PDF.Drawing": "[26.5.0, )",
          "Microsoft.Bcl.Memory": "[9.0.18, )"
        }
      },
      "aspose.cli.sdk": {
        "type": "Project",
        "dependencies": {
          "System.CommandLine": "[2.0.9, )"
        }
      },
      "aspose.cli.testkit": {
        "type": "Project",
        "dependencies": {
          "Aspose.Cli.Sdk": "[1.0.0, )",
          "JsonSchema.Net": "[9.2.2, )",
          "xunit": "[2.9.3, )"
        }
      },
      "JsonSchema.Net": {
        "type": "CentralTransitive",
        "requested": "[9.2.2, )",
        "resolved": "9.2.2",
        "contentHash": "S65LahlS1jA1cVshtBx7lnFPbQoTgZ4QdHX8fZ94VwUBlMQ9IvA2bu4ElUdrdu0VrJImMCxs5rpyybcvsrnmRA==",
        "dependencies": {
          "JsonPointer.Net": "7.0.1"
        }
      },
      "Microsoft.Bcl.Memory": {
        "type": "CentralTransitive",
        "requested": "[9.0.18, )",
        "resolved": "9.0.18",
        "contentHash": "D6ygTjzk2Um7aT93f4N+q3+jCvY7VgTRVtU9qTKxEjubrpPoxEvRTTSLFJf27QP01LUj81xlPTTC7AVjrX3p+Q=="
      },
      "System.CommandLine": {
        "type": "CentralTransitive",
        "requested": "[2.0.9, )",
        "resolved": "2.0.9",
        "contentHash": "SW0WhEk4NFVZ4lOnsLrHQOV/7s0eTidezNybHQWXfqhuXWB17X3RXbrifeWBbUx1iu+NcYchVSufmW7svjUEnA=="
      }
    }
  }
}