{
  "version": 2,
  "dependencies": {
    "net10.0": {
      "Aspose.PDF.Drawing": {
        "type": "Direct",
        "requested": "[26.8.0, )",
        "resolved": "26.8.0",
        "contentHash": "6VDZqMS8pxPzN8hJZvVHfjGnui0LImP7Bp4A6HeHX0tA81CBIUDYJ0OzUqW7aOap6zNAhD3oczmjWGQtqJjbdg==",
        "dependencies": {
          "Microsoft.Extensions.AI.Abstractions": "10.4.1",
          "Microsoft.Extensions.DataIngestion.Abstractions": "10.4.0-preview.1.26160.2",
          "Microsoft.Extensions.DependencyModel": "9.0.0",
          "Microsoft.Extensions.Logging.Abstractions": "10.0.4",
          "Microsoft.Extensions.VectorData.Abstractions": "10.1.0",
          "Newtonsoft.Json": "13.0.3",
          "System.Diagnostics.PerformanceCounter": "4.5.0",
          "System.Security.Cryptography.Pkcs": "7.0.3",
          "System.Security.Permissions": "4.5.0"
        }
      },
      "Microsoft.NET.Test.Sdk": {
        "type": "Direct",
        "requested": "[17.14.1, )",
        "resolved": "17.14.1",
        "contentHash": "HJKqKOE+vshXra2aEHpi2TlxYX7Z9VFYkr+E5rwEvHC8eIXiyO+K9kNm8vmNom3e2rA56WqxU+/N9NJlLGXsJQ==",
        "dependencies": {
          "Microsoft.CodeCoverage": "17.14.1",
          "Microsoft.TestPlatform.TestHost": "17.14.1"
        }
      },
      "xunit": {
        "type": "Direct",
        "requested": "[2.9.3, )",
        "resolved": "2.9.3",
        "contentHash": "TlXQBinK35LpOPKHAqbLY4xlEen9TBafjs0V5KnA4wZsoQLQJiirCR4CbIXvOH8NzkW4YeJKP5P/Bnrodm0h9Q==",
        "dependencies": {
          "xunit.analyzers": "1.18.0",
          "xunit.assert": "2.9.3",
          "xunit.core": "[2.9.3]"
        }
      },
      "xunit.runner.visualstudio": {
        "type": "Direct",
        "requested": "[2.8.2, )",
        "resolved": "2.8.2",
        "contentHash": "vm1tbfXhFmjFMUmS4M0J0ASXz3/U5XvXBa6DOQUL3fEz4Vt6YPhv+ESCarx6M6D+9kJkJYZKCNvJMas1+nVfmQ=="
      },
      "Humanizer.Core": {
        "type": "Transitive",
        "resolved": "3.0.10",
        "contentHash": "yZIhtw8sYuvsONzQbZxWpR60tMWYHXoo0DL6nyOqSFiU5POjBTSEyWFpTQtJEZuy+oqiYTXKXY/Mjx7KnqIQFw=="
      },
      "Json.More.Net": {
        "type": "Transitive",
        "resolved": "3.0.1",
        "contentHash": "fRctF2J2SILYG6wqP21drmeEODmCVkVQ/b3MndDu2fT1swfySyUgq7ePCk+aENGlDcIm05fyfjh9vcuqDEfv3w=="
      },
      "JsonPointer.Net": {
        "type": "Transitive",
        "resolved": "7.0.1",
        "contentHash": "5C497yxfktYFsqxKG+GUQPsMvBqIjzLkqtDEdMGsnBpl3/OB8DOvTo7LEyRX7AVc1kVVj0IX5zhmLrlbvAYEnw==",
        "dependencies": {
          "Humanizer.Core": "3.0.10",
          "Json.More.Net": "3.0.1"
        }
      },
      "Microsoft.CodeCoverage": {
        "type": "Transitive",
        "resolved": "17.14.1",
        "contentHash": "pmTrhfFIoplzFVbhVwUquT+77CbGH+h4/3mBpdmIlYtBi9nAB+kKI6dN3A/nV4DFi3wLLx/BlHIPK+MkbQ6Tpg=="
      },
      "Microsoft.Extensions.AI.Abstractions": {
        "type": "Transitive",
        "resolved": "10.4.1",
        "contentHash": "ZxhU/wg9BOc3ohibhLl18toPLWm96ysQoE+3OhCgrZ0TUPZd7bsUmGteeatz08yweyuPIEhtyUzEZTF+3bMWEQ=="
      },
      "Microsoft.Extensions.DataIngestion.Abstractions": {
        "type": "Transitive",
        "resolved": "10.4.0-preview.1.26160.2",
        "contentHash": "FO52PpbZw8dFtKC1AxmQMC/EtuYk+edRtK1WLXlxS0t2oIXytnEdA3O41CkDPx2FuHPZVACgb8uDViJMbwZNWg=="
      },
      "Microsoft.Extensions.DependencyInjection.Abstractions": {
        "type": "Transitive",
        "resolved": "10.0.4",
        "contentHash": "SIe9zlVQJecnk/DTmevIcl6+aEDYhoVLc2eG2AKwVeNEC8CSyxHAbh4lf0xtHq9JUum0vVTEByGNTK+b6oihTQ=="
      },
      "Microsoft.Extensions.DependencyModel": {
        "type": "Transitive",
        "resolved": "9.0.0",
        "contentHash": "saxr2XzwgDU77LaQfYFXmddEDRUKHF4DaGMZkNB3qjdVSZlax3//dGJagJkKrGMIPNZs2jVFXITyCCR6UHJNdA=="
      },
      "Microsoft.Extensions.Logging.Abstractions": {
        "type": "Transitive",
        "resolved": "10.0.4",
        "contentHash": "PDMMt7fvBatv6hcxxyJtXIzSwn7Dy00W6I2vDAOTYrQqNM2dF5A2L9n0uMzdPz2IPoNZWkAmYjoOCEdDLq0i4w==",
        "dependencies": {
          "Microsoft.Extensions.DependencyInjection.Abstractions": "10.0.4"
        }
      },
      "Microsoft.Extensions.VectorData.Abstractions": {
        "type": "Transitive",
        "resolved": "10.1.0",
        "contentHash": "I2XfmqEOWOq0Esbo0eWQ6WE5MAJkGyIs057F8ncmPCLJFw9b1IB7Jj5WiFlH6C5YXCAG9Z91QMBD/SkcMLhE7w==",
        "dependencies": {
          "Microsoft.Extensions.AI.Abstractions": "10.4.0"
        }
      },
      "Microsoft.NETCore.Platforms": {
        "type": "Transitive",
        "resolved": "2.0.0",
        "contentHash": "VdLJOCXhZaEMY7Hm2GKiULmn7IEPFE4XC5LPSfBVCUIA8YLZVh846gtfBJalsPQF2PlzdD7ecX7DZEulJ402ZQ=="
      },
      "Microsoft.TestPlatform.ObjectModel": {
        "type": "Transitive",
        "resolved": "17.14.1",
        "contentHash": "xTP1W6Mi6SWmuxd3a+jj9G9UoC850WGwZUps1Wah9r1ZxgXhdJfj1QqDLJkFjHDCvN42qDL2Ps5KjQYWUU0zcQ=="
      },
      "Microsoft.TestPlatform.TestHost": {
        "type": "Transitive",
        "resolved": "17.14.1",
        "contentHash": "d78LPzGKkJwsJXAQwsbJJ7LE7D1wB+rAyhHHAaODF+RDSQ0NgMjDFkSA1Djw18VrxO76GlKAjRUhl+H8NL8Z+Q==",
        "dependencies": {
          "Microsoft.TestPlatform.ObjectModel": "17.14.1",
          "Newtonsoft.Json": "13.0.3"
        }
      },
      "Newtonsoft.Json": {
        "type": "Transitive",
        "resolved": "13.0.3",
        "contentHash": "HrC5BXdl00IP9zeV+0Z848QWPAoCr9P3bDEZguI+gkLcBKAOxix/tLEAAHC+UvDNPv4a2d18lOReHMOagPa+zQ=="
      },
      "System.Configuration.ConfigurationManager": {
        "type": "Transitive",
        "resolved": "4.5.0",
        "contentHash": "UIFvaFfuKhLr9u5tWMxmVoDPkFeD+Qv8gUuap4aZgVGYSYMdERck4OhLN/2gulAc0nYTEigWXSJNNWshrmxnng==",
        "dependencies": {
          "System.Security.Cryptography.ProtectedData": "4.5.0",
          "System.Security.Permissions": "4.5.0"
        }
      },
      "System.Diagnostics.PerformanceCounter": {
        "type": "Transitive",
        "resolved": "4.5.0",
        "contentHash": "JUO5/moXgchWZBMBElgmPebZPKCgwW8kY3dFwVJavaNR2ftcc/YjXXGjOaCjly2KBXT7Ld5l/GTkMVzNv41yZA==",
        "dependencies": {
          "Microsoft.NETCore.Platforms": "2.0.0",
          "System.Configuration.ConfigurationManager": "4.5.0"
        }
      },
      "System.Security.Cryptography.Pkcs": {
        "type": "Transitive",
        "resolved": "7.0.3",
        "contentHash": "yhwEHH5Gzl/VoADrXtt5XC95OFoSjNSWLHNutE7GwdOgefZVRvEXRSooSpL8HHm3qmdd9epqzsWg28UJemt22w=="
      },
      "System.Security.Cryptography.ProtectedData": {
        "type": "Transitive",
        "resolved": "4.5.0",
        "contentHash": "wLBKzFnDCxP12VL9ANydSYhk59fC4cvOr9ypYQLPnAj48NQIhqnjdD2yhP8yEKyBJEjERWS9DisKL7rX5eU25Q=="
      },
      "System.Security.Permissions": {
        "type": "Transitive",
        "resolved": "4.5.0",
        "contentHash": "9gdyuARhUR7H+p5CjyUB/zPk7/Xut3wUSP8NJQB6iZr8L3XUXTMdoLeVAg9N4rqF8oIpE7MpdqHdDHQ7XgJe0g=="
      },
      "xunit.abstractions": {
        "type": "Transitive",
        "resolved": "2.0.3",
        "contentHash": "pot1I4YOxlWjIb5jmwvvQNbTrZ3lJQ+jUGkGjWE3hEFM0l5gOnBWS+H3qsex68s5cO52g+44vpGzhAt+42vwKg=="
      },
      "xunit.analyzers": {
        "type": "Transitive",
        "resolved": "1.18.0",
        "contentHash": "OtFMHN8yqIcYP9wcVIgJrq01AfTxijjAqVDy/WeQVSyrDC1RzBWeQPztL49DN2syXRah8TYnfvk035s7L95EZQ=="
      },
      "xunit.assert": {
        "type": "Transitive",
        "resolved": "2.9.3",
        "contentHash": "/Kq28fCE7MjOV42YLVRAJzRF0WmEqsmflm0cfpMjGtzQ2lR5mYVj1/i0Y8uDAOLczkL3/jArrwehfMD0YogMAA=="
      },
      "xunit.core": {
        "type": "Transitive",
        "resolved": "2.9.3",
        "contentHash": "BiAEvqGvyme19wE0wTKdADH+NloYqikiU0mcnmiNyXaF9HyHmE6sr/3DC5vnBkgsWaE6yPyWszKSPSApWdRVeQ==",
        "dependencies": {
          "xunit.extensibility.core": "[2.9.3]",
          "xunit.extensibility.execution": "[2.9.3]"
        }
      },
      "xunit.extensibility.core": {
        "type": "Transitive",
        "resolved": "2.9.3",
        "contentHash": "kf3si0YTn2a8J8eZNb+zFpwfoyvIrQ7ivNk5ZYA5yuYk1bEtMe4DxJ2CF/qsRgmEnDr7MnW1mxylBaHTZ4qErA==",
        "dependencies": {
          "xunit.abstractions": "2.0.3"
        }
      },
      "xunit.extensibility.execution": {
        "type": "Transitive",
        "resolved": "2.9.3",
        "contentHash": "yMb6vMESlSrE3Wfj7V6cjQ3S4TXdXpRqYeNEI3zsX31uTsGMJjEw6oD5F5u1cHnMptjhEECnmZSsPxB6ChZHDQ==",
        "dependencies": {
          "xunit.extensibility.core": "[2.9.3]"
        }
      },
      "aspose.cli.product.pdf": {
        "type": "Project",
        "dependencies": {
          "Aspose.Cli.Sdk": "[1.0.0, )",
          "Aspose.PDF.Drawing": "[26.8.0, )",
          "Microsoft.Bcl.Memory": "[9.0.18, )"
        }
      },
      "aspose.cli.sdk": {
        "type": "Project",
        "dependencies": {
          "System.CommandLine": "[2.0.9, )"
        }
      },
      "aspose.cli.testkit": {
        "type": "Project",
        "dependencies": {
          "Aspose.Cli.Sdk": "[1.0.0, )",
          "JsonSchema.Net": "[9.2.2, )",
          "xunit": "[2.9.3, )"
        }
      },
      "JsonSchema.Net": {
        "type": "CentralTransitive",
        "requested": "[9.2.2, )",
        "resolved": "9.2.2",
        "contentHash": "S65LahlS1jA1cVshtBx7lnFPbQoTgZ4QdHX8fZ94VwUBlMQ9IvA2bu4ElUdrdu0VrJImMCxs5rpyybcvsrnmRA==",
        "dependencies": {
          "JsonPointer.Net": "7.0.1"
        }
      },
      "Microsoft.Bcl.Memory": {
        "type": "CentralTransitive",
        "requested": "[9.0.18, )",
        "resolved": "9.0.18",
        "contentHash": "D6ygTjzk2Um7aT93f4N+q3+jCvY7VgTRVtU9qTKxEjubrpPoxEvRTTSLFJf27QP01LUj81xlPTTC7AVjrX3p+Q=="
      },
      "System.CommandLine": {
        "type": "CentralTransitive",
        "requested": "[2.0.9, )",
        "resolved": "2.0.9",
        "contentHash": "SW0WhEk4NFVZ4lOnsLrHQOV/7s0eTidezNybHQWXfqhuXWB17X3RXbrifeWBbUx1iu+NcYchVSufmW7svjUEnA=="
      }
    }
  }
}